
Microsoft Visual Studio Solution File, Format Version 12.00
# Visual Studio Version 16
VisualStudioVersion = 16.0.31112.23
MinimumVisualStudioVersion = 10.0.40219.1
Project("{9A19103F-16F7-4668-BE54-9A1E7A4F7556}") = "PeopleWebApp", "PeopleWebApp.csproj", "{E2526BE4-C3CF-4CD7-A027-52DC44A45609}"
EndProject
Global
	GlobalSection(SolutionConfigurationPlatforms) = preSolution
		Debug|Any CPU = Debug|Any CPU
		Release|Any CPU = Release|Any CPU
	EndGlobalSection
	GlobalSection(ProjectConfigurationPlatforms) = postSolution
		{E2526BE4-C3CF-4CD7-A027-52DC44A45609}.Debug|Any CPU.ActiveCfg = Debug|Any CPU
		{E2526BE4-C3CF-4CD7-A027-52DC44A45609}.Debug|Any CPU.Build.0 = Debug|Any CPU
		{E2526BE4-C3CF-4CD7-A027-52DC44A45609}.Release|Any CPU.ActiveCfg = Release|Any CPU
		{E2526BE4-C3CF-4CD7-A027-52DC44A45609}.Release|Any CPU.Build.0 = Release|Any CPU
	EndGlobalSection
	GlobalSection(SolutionProperties) = preSolution
		HideSolutionNode = FALSE
	EndGlobalSection
	GlobalSection(ExtensibilityGlobals) = postSolution
		SolutionGuid = {6167A125-AFD2-46CB-BE07-29043D548EE7}
	EndGlobalSection
EndGlobal
